
Microsoft Visual Studio Solution File, Format Version 10.00
# Visual Studio 2008
Project("{FAE04EC0-301F-11D3-BF4B-00C04F79EFBC}") = "TradeIdeasRobot", "TradeIdeasRobot\TradeIdeasRobot.csproj", "{1104A279-1CCE-49E7-A84B-8805A13F1F70}"
EndProject
Project("{54435603-DBB4-11D2-8724-00A0C9A8B90C}") = "TradeIdeasRobotSetup", "TradeIdeasRobotSetup\TradeIdeasRobotSetup.vdproj", "{4ECB89E6-2285-4574-BAE1-53A12D175BA8}"
EndProject
Global
	GlobalSection(SolutionConfigurationPlatforms) = preSolution
		Debug|Any CPU = Debug|Any CPU
		Release|Any CPU = Release|Any CPU
	EndGlobalSection
	GlobalSection(ProjectConfigurationPlatforms) = postSolution
		{1104A279-1CCE-49E7-A84B-8805A13F1F70}.Debug|Any CPU.ActiveCfg = Debug|Any CPU
		{1104A279-1CCE-49E7-A84B-8805A13F1F70}.Debug|Any CPU.Build.0 = Debug|Any CPU
		{1104A279-1CCE-49E7-A84B-8805A13F1F70}.Release|Any CPU.ActiveCfg = Release|Any CPU
		{1104A279-1CCE-49E7-A84B-8805A13F1F70}.Release|Any CPU.Build.0 = Release|Any CPU
		{4ECB89E6-2285-4574-BAE1-53A12D175BA8}.Debug|Any CPU.ActiveCfg = Debug
		{4ECB89E6-2285-4574-BAE1-53A12D175BA8}.Release|Any CPU.ActiveCfg = Release
	EndGlobalSection
	GlobalSection(SolutionProperties) = preSolution
		HideSolutionNode = FALSE
	EndGlobalSection
EndGlobal
